
Microsoft Visual Studio Solution File, Format Version 12.00
# Visual Studio Version 16
VisualStudioVersion = 16.0.29025.244
MinimumVisualStudioVersion = 10.0.40219.1
Project("{9A19103F-16F7-4668-BE54-9A1E7A4F7556}") = "FrozenPizza", "FrozenPizza\FrozenPizza.csproj", "{4C8D1D06-3EB3-4A1C-A677-684F01A2D925}"
EndProject
Project("{9A19103F-16F7-4668-BE54-9A1E7A4F7556}") = "Server", "Server\Server.csproj", "{280454B3-7706-4ECE-9B23-BEF31D3D9D38}"
EndProject
Global
	GlobalSection(SolutionConfigurationPlatforms) = preSolution
		Debug|Any CPU = Debug|Any CPU
		Release|Any CPU = Release|Any CPU
	EndGlobalSection
	GlobalSection(ProjectConfigurationPlatforms) = postSolution
		{4C8D1D06-3EB3-4A1C-A677-684F01A2D925}.Debug|Any CPU.ActiveCfg = Debug|Any CPU
		{4C8D1D06-3EB3-4A1C-A677-684F01A2D925}.Debug|Any CPU.Build.0 = Debug|Any CPU
		{4C8D1D06-3EB3-4A1C-A677-684F01A2D925}.Release|Any CPU.ActiveCfg = Release|Any CPU
		{4C8D1D06-3EB3-4A1C-A677-684F01A2D925}.Release|Any CPU.Build.0 = Release|Any CPU
		{280454B3-7706-4ECE-9B23-BEF31D3D9D38}.Debug|Any CPU.ActiveCfg = Debug|Any CPU
		{280454B3-7706-4ECE-9B23-BEF31D3D9D38}.Debug|Any CPU.Build.0 = Debug|Any CPU
		{280454B3-7706-4ECE-9B23-BEF31D3D9D38}.Release|Any CPU.ActiveCfg = Release|Any CPU
		{280454B3-7706-4ECE-9B23-BEF31D3D9D38}.Release|Any CPU.Build.0 = Release|Any CPU
	EndGlobalSection
	GlobalSection(SolutionProperties) = preSolution
		HideSolutionNode = FALSE
	EndGlobalSection
	GlobalSection(ExtensibilityGlobals) = postSolution
		SolutionGuid = {0CFC28EC-EDDE-42DA-9C32-F86E016F48A0}
	EndGlobalSection
EndGlobal
